
Microsoft Visual Studio Solution File, Format Version 12.00
# Visual Studio 14
VisualStudioVersion = 14.0.25420.1
MinimumVisualStudioVersion = 10.0.40219.1
Project("{2150E333-8FDC-42A3-9474-1A3956D46DE8}") = "PwdHash.Universal", "PwdHash.Universal", "{930FE52D-1F98-4130-B3EF-6748C49C3F41}"
EndProject
Project("{D954291E-2A0B-460D-934E-DC6B0785DB48}") = "PwdHash.Shared", "PwdHash.Universal\PwdHash.Shared\PwdHash.Shared.shproj", "{EAFE5E33-951B-4117-A96A-8D0BD3B7ABB9}"
EndProject
Project("{FAE04EC0-301F-11D3-BF4B-00C04F79EFBC}") = "PwdHash.WindowsPhone", "PwdHash.Universal\PwdHash.WindowsPhone\PwdHash.WindowsPhone.csproj", "{F179D08D-6D2F-4E84-9FB1-6320EC4EC715}"
EndProject
Project("{FAE04EC0-301F-11D3-BF4B-00C04F79EFBC}") = "PwdHash.Universal.Tests", "PwdHash.Universal.Tests\PwdHash.Universal.Tests.csproj", "{4AFD6074-47B9-4A97-BBB2-780E126CDA50}"
EndProject
Global
	GlobalSection(SharedMSBuildProjectFiles) = preSolution
		PwdHash.Universal\PwdHash.Shared\PwdHash.Shared.projitems*{4afd6074-47b9-4a97-bbb2-780e126cda50}*SharedItemsImports = 4
		PwdHash.Universal\PwdHash.Shared\PwdHash.Shared.projitems*{eafe5e33-951b-4117-a96a-8d0bd3b7abb9}*SharedItemsImports = 13
		PwdHash.Universal\PwdHash.Shared\PwdHash.Shared.projitems*{f179d08d-6d2f-4e84-9fb1-6320ec4ec715}*SharedItemsImports = 4
	EndGlobalSection
	GlobalSection(SolutionConfigurationPlatforms) = preSolution
		Debug|Any CPU = Debug|Any CPU
		Debug|ARM = Debug|ARM
		Debug|x64 = Debug|x64
		Debug|x86 = Debug|x86
		Release|Any CPU = Release|Any CPU
		Release|ARM = Release|ARM
		Release|x64 = Release|x64
		Release|x86 = Release|x86
	EndGlobalSection
	GlobalSection(ProjectConfigurationPlatforms) = postSolution
		{F179D08D-6D2F-4E84-9FB1-6320EC4EC715}.Debug|Any CPU.ActiveCfg = Debug|Any CPU
		{F179D08D-6D2F-4E84-9FB1-6320EC4EC715}.Debug|Any CPU.Build.0 = Debug|Any CPU
		{F179D08D-6D2F-4E84-9FB1-6320EC4EC715}.Debug|Any CPU.Deploy.0 = Debug|Any CPU
		{F179D08D-6D2F-4E84-9FB1-6320EC4EC715}.Debug|ARM.ActiveCfg = Debug|ARM
		{F179D08D-6D2F-4E84-9FB1-6320EC4EC715}.Debug|ARM.Build.0 = Debug|ARM
		{F179D08D-6D2F-4E84-9FB1-6320EC4EC715}.Debug|ARM.Deploy.0 = Debug|ARM
		{F179D08D-6D2F-4E84-9FB1-6320EC4EC715}.Debug|x64.ActiveCfg = Debug|Any CPU
		{F179D08D-6D2F-4E84-9FB1-6320EC4EC715}.Debug|x86.ActiveCfg = Debug|x86
		{F179D08D-6D2F-4E84-9FB1-6320EC4EC715}.Debug|x86.Build.0 = Debug|x86
		{F179D08D-6D2F-4E84-9FB1-6320EC4EC715}.Debug|x86.Deploy.0 = Debug|x86
		{F179D08D-6D2F-4E84-9FB1-6320EC4EC715}.Release|Any CPU.ActiveCfg = Release|Any CPU
		{F179D08D-6D2F-4E84-9FB1-6320EC4EC715}.Release|Any CPU.Build.0 = Release|Any CPU
		{F179D08D-6D2F-4E84-9FB1-6320EC4EC715}.Release|Any CPU.Deploy.0 = Release|Any CPU
		{F179D08D-6D2F-4E84-9FB1-6320EC4EC715}.Release|ARM.ActiveCfg = Release|ARM
		{F179D08D-6D2F-4E84-9FB1-6320EC4EC715}.Release|ARM.Build.0 = Release|ARM
		{F179D08D-6D2F-4E84-9FB1-6320EC4EC715}.Release|ARM.Deploy.0 = Release|ARM
		{F179D08D-6D2F-4E84-9FB1-6320EC4EC715}.Release|x64.ActiveCfg = Release|Any CPU
		{F179D08D-6D2F-4E84-9FB1-6320EC4EC715}.Release|x86.ActiveCfg = Release|x86
		{F179D08D-6D2F-4E84-9FB1-6320EC4EC715}.Release|x86.Build.0 = Release|x86
		{F179D08D-6D2F-4E84-9FB1-6320EC4EC715}.Release|x86.Deploy.0 = Release|x86
		{4AFD6074-47B9-4A97-BBB2-780E126CDA50}.Debug|Any CPU.ActiveCfg = Debug|Any CPU
		{4AFD6074-47B9-4A97-BBB2-780E126CDA50}.Debug|Any CPU.Build.0 = Debug|Any CPU
		{4AFD6074-47B9-4A97-BBB2-780E126CDA50}.Debug|Any CPU.Deploy.0 = Debug|Any CPU
		{4AFD6074-47B9-4A97-BBB2-780E126CDA50}.Debug|ARM.ActiveCfg = Debug|ARM
		{4AFD6074-47B9-4A97-BBB2-780E126CDA50}.Debug|ARM.Build.0 = Debug|ARM
		{4AFD6074-47B9-4A97-BBB2-780E126CDA50}.Debug|ARM.Deploy.0 = Debug|ARM
		{4AFD6074-47B9-4A97-BBB2-780E126CDA50}.Debug|x64.ActiveCfg = Debug|x64
		{4AFD6074-47B9-4A97-BBB2-780E126CDA50}.Debug|x64.Build.0 = Debug|x64
		{4AFD6074-47B9-4A97-BBB2-780E126CDA50}.Debug|x64.Deploy.0 = Debug|x64
		{4AFD6074-47B9-4A97-BBB2-780E126CDA50}.Debug|x86.ActiveCfg = Debug|x86
		{4AFD6074-47B9-4A97-BBB2-780E126CDA50}.Debug|x86.Build.0 = Debug|x86
		{4AFD6074-47B9-4A97-BBB2-780E126CDA50}.Debug|x86.Deploy.0 = Debug|x86
		{4AFD6074-47B9-4A97-BBB2-780E126CDA50}.Release|Any CPU.ActiveCfg = Release|Any CPU
		{4AFD6074-47B9-4A97-BBB2-780E126CDA50}.Release|Any CPU.Build.0 = Release|Any CPU
		{4AFD6074-47B9-4A97-BBB2-780E126CDA50}.Release|Any CPU.Deploy.0 = Release|Any CPU
		{4AFD6074-47B9-4A97-BBB2-780E126CDA50}.Release|ARM.ActiveCfg = Release|ARM
		{4AFD6074-47B9-4A97-BBB2-780E126CDA50}.Release|ARM.Build.0 = Release|ARM
		{4AFD6074-47B9-4A97-BBB2-780E126CDA50}.Release|ARM.Deploy.0 = Release|ARM
		{4AFD6074-47B9-4A97-BBB2-780E126CDA50}.Release|x64.ActiveCfg = Release|x64
		{4AFD6074-47B9-4A97-BBB2-780E126CDA50}.Release|x64.Build.0 = Release|x64
		{4AFD6074-47B9-4A97-BBB2-780E126CDA50}.Release|x64.Deploy.0 = Release|x64
		{4AFD6074-47B9-4A97-BBB2-780E126CDA50}.Release|x86.ActiveCfg = Release|x86
		{4AFD6074-47B9-4A97-BBB2-780E126CDA50}.Release|x86.Build.0 = Release|x86
		{4AFD6074-47B9-4A97-BBB2-780E126CDA50}.Release|x86.Deploy.0 = Release|x86
	EndGlobalSection
	GlobalSection(SolutionProperties) = preSolution
		HideSolutionNode = FALSE
	EndGlobalSection
	GlobalSection(NestedProjects) = preSolution
		{EAFE5E33-951B-4117-A96A-8D0BD3B7ABB9} = {930FE52D-1F98-4130-B3EF-6748C49C3F41}
		{F179D08D-6D2F-4E84-9FB1-6320EC4EC715} = {930FE52D-1F98-4130-B3EF-6748C49C3F41}
	EndGlobalSection
EndGlobal
