
Microsoft Visual Studio Solution File, Format Version 12.00
# Visual Studio 2013
VisualStudioVersion = 12.0.30110.0
MinimumVisualStudioVersion = 10.0.40219.1
Project("{FAE04EC0-301F-11D3-BF4B-00C04F79EFBC}") = "PwdHash.Wp8", "PwdHash.Wp8\PwdHash.Wp8.csproj", "{88794DE0-27F7-4620-B888-F950246E83D5}"
EndProject
Project("{FAE04EC0-301F-11D3-BF4B-00C04F79EFBC}") = "PwdHash.Portable", "PwdHash.Portable\PwdHash.Portable.csproj", "{B3F9C025-2D3D-4AE7-8713-98C1F6DB010C}"
EndProject
Project("{FAE04EC0-301F-11D3-BF4B-00C04F79EFBC}") = "PwdHash.Portable.Tests", "PwdHash.Portable.Tests\PwdHash.Portable.Tests.csproj", "{348787C2-5494-45DF-887C-1824AE42225A}"
EndProject
Global
	GlobalSection(SolutionConfigurationPlatforms) = preSolution
		Debug|Any CPU = Debug|Any CPU
		Debug|ARM = Debug|ARM
		Debug|x64 = Debug|x64
		Debug|x86 = Debug|x86
		Release|Any CPU = Release|Any CPU
		Release|ARM = Release|ARM
		Release|x64 = Release|x64
		Release|x86 = Release|x86
	EndGlobalSection
	GlobalSection(ProjectConfigurationPlatforms) = postSolution
		{88794DE0-27F7-4620-B888-F950246E83D5}.Debug|Any CPU.ActiveCfg = Debug|Any CPU
		{88794DE0-27F7-4620-B888-F950246E83D5}.Debug|Any CPU.Build.0 = Debug|Any CPU
		{88794DE0-27F7-4620-B888-F950246E83D5}.Debug|Any CPU.Deploy.0 = Debug|Any CPU
		{88794DE0-27F7-4620-B888-F950246E83D5}.Debug|ARM.ActiveCfg = Debug|ARM
		{88794DE0-27F7-4620-B888-F950246E83D5}.Debug|ARM.Build.0 = Debug|ARM
		{88794DE0-27F7-4620-B888-F950246E83D5}.Debug|ARM.Deploy.0 = Debug|ARM
		{88794DE0-27F7-4620-B888-F950246E83D5}.Debug|x64.ActiveCfg = Debug|Any CPU
		{88794DE0-27F7-4620-B888-F950246E83D5}.Debug|x86.ActiveCfg = Debug|x86
		{88794DE0-27F7-4620-B888-F950246E83D5}.Debug|x86.Build.0 = Debug|x86
		{88794DE0-27F7-4620-B888-F950246E83D5}.Debug|x86.Deploy.0 = Debug|x86
		{88794DE0-27F7-4620-B888-F950246E83D5}.Release|Any CPU.ActiveCfg = Release|Any CPU
		{88794DE0-27F7-4620-B888-F950246E83D5}.Release|Any CPU.Build.0 = Release|Any CPU
		{88794DE0-27F7-4620-B888-F950246E83D5}.Release|Any CPU.Deploy.0 = Release|Any CPU
		{88794DE0-27F7-4620-B888-F950246E83D5}.Release|ARM.ActiveCfg = Release|ARM
		{88794DE0-27F7-4620-B888-F950246E83D5}.Release|ARM.Build.0 = Release|ARM
		{88794DE0-27F7-4620-B888-F950246E83D5}.Release|ARM.Deploy.0 = Release|ARM
		{88794DE0-27F7-4620-B888-F950246E83D5}.Release|x64.ActiveCfg = Release|Any CPU
		{88794DE0-27F7-4620-B888-F950246E83D5}.Release|x86.ActiveCfg = Release|x86
		{88794DE0-27F7-4620-B888-F950246E83D5}.Release|x86.Build.0 = Release|x86
		{88794DE0-27F7-4620-B888-F950246E83D5}.Release|x86.Deploy.0 = Release|x86
		{B3F9C025-2D3D-4AE7-8713-98C1F6DB010C}.Debug|Any CPU.ActiveCfg = Debug|Any CPU
		{B3F9C025-2D3D-4AE7-8713-98C1F6DB010C}.Debug|Any CPU.Build.0 = Debug|Any CPU
		{B3F9C025-2D3D-4AE7-8713-98C1F6DB010C}.Debug|ARM.ActiveCfg = Debug|Any CPU
		{B3F9C025-2D3D-4AE7-8713-98C1F6DB010C}.Debug|x64.ActiveCfg = Debug|Any CPU
		{B3F9C025-2D3D-4AE7-8713-98C1F6DB010C}.Debug|x86.ActiveCfg = Debug|Any CPU
		{B3F9C025-2D3D-4AE7-8713-98C1F6DB010C}.Release|Any CPU.ActiveCfg = Release|Any CPU
		{B3F9C025-2D3D-4AE7-8713-98C1F6DB010C}.Release|Any CPU.Build.0 = Release|Any CPU
		{B3F9C025-2D3D-4AE7-8713-98C1F6DB010C}.Release|ARM.ActiveCfg = Release|Any CPU
		{B3F9C025-2D3D-4AE7-8713-98C1F6DB010C}.Release|x64.ActiveCfg = Release|Any CPU
		{B3F9C025-2D3D-4AE7-8713-98C1F6DB010C}.Release|x86.ActiveCfg = Release|Any CPU
		{348787C2-5494-45DF-887C-1824AE42225A}.Debug|Any CPU.ActiveCfg = Debug|Any CPU
		{348787C2-5494-45DF-887C-1824AE42225A}.Debug|Any CPU.Build.0 = Debug|Any CPU
		{348787C2-5494-45DF-887C-1824AE42225A}.Debug|ARM.ActiveCfg = Debug|Any CPU
		{348787C2-5494-45DF-887C-1824AE42225A}.Debug|x64.ActiveCfg = Debug|Any CPU
		{348787C2-5494-45DF-887C-1824AE42225A}.Debug|x86.ActiveCfg = Debug|Any CPU
		{348787C2-5494-45DF-887C-1824AE42225A}.Release|Any CPU.ActiveCfg = Release|Any CPU
		{348787C2-5494-45DF-887C-1824AE42225A}.Release|Any CPU.Build.0 = Release|Any CPU
		{348787C2-5494-45DF-887C-1824AE42225A}.Release|ARM.ActiveCfg = Release|Any CPU
		{348787C2-5494-45DF-887C-1824AE42225A}.Release|x64.ActiveCfg = Release|Any CPU
		{348787C2-5494-45DF-887C-1824AE42225A}.Release|x86.ActiveCfg = Release|Any CPU
	EndGlobalSection
	GlobalSection(SolutionProperties) = preSolution
		HideSolutionNode = FALSE
	EndGlobalSection
EndGlobal
